
Microsoft Visual Studio Solution File, Format Version 12.00
# Visual Studio Version 17
VisualStudioVersion = 17.2.32630.192
MinimumVisualStudioVersion = 10.0.40219.1
Project("{FAE04EC0-301F-11D3-BF4B-00C04F79EFBC}") = "CRUD", "CRUD\CRUD.csproj", "{5C439D62-CCF1-49DD-BD1A-1098D7E252A6}"
EndProject
Project("{FAE04EC0-301F-11D3-BF4B-00C04F79EFBC}") = "Dominios", "Dominios\Dominios.csproj", "{A90DB037-10AA-41F8-9CF6-D36014900E57}"
EndProject
Project("{FAE04EC0-301F-11D3-BF4B-00C04F79EFBC}") = "Aplicacoes", "Aplicacoes\Aplicacoes.csproj", "{ADD55D87-411A-4ADE-9601-A215D4E78BC2}"
EndProject
Global
	GlobalSection(SolutionConfigurationPlatforms) = preSolution
		Debug|Any CPU = Debug|Any CPU
		Release|Any CPU = Release|Any CPU
	EndGlobalSection
	GlobalSection(ProjectConfigurationPlatforms) = postSolution
		{5C439D62-CCF1-49DD-BD1A-1098D7E252A6}.Debug|Any CPU.ActiveCfg = Debug|Any CPU
		{5C439D62-CCF1-49DD-BD1A-1098D7E252A6}.Debug|Any CPU.Build.0 = Debug|Any CPU
		{5C439D62-CCF1-49DD-BD1A-1098D7E252A6}.Release|Any CPU.ActiveCfg = Release|Any CPU
		{5C439D62-CCF1-49DD-BD1A-1098D7E252A6}.Release|Any CPU.Build.0 = Release|Any CPU
		{A90DB037-10AA-41F8-9CF6-D36014900E57}.Debug|Any CPU.ActiveCfg = Debug|Any CPU
		{A90DB037-10AA-41F8-9CF6-D36014900E57}.Debug|Any CPU.Build.0 = Debug|Any CPU
		{A90DB037-10AA-41F8-9CF6-D36014900E57}.Release|Any CPU.ActiveCfg = Release|Any CPU
		{A90DB037-10AA-41F8-9CF6-D36014900E57}.Release|Any CPU.Build.0 = Release|Any CPU
		{ADD55D87-411A-4ADE-9601-A215D4E78BC2}.Debug|Any CPU.ActiveCfg = Debug|Any CPU
		{ADD55D87-411A-4ADE-9601-A215D4E78BC2}.Debug|Any CPU.Build.0 = Debug|Any CPU
		{ADD55D87-411A-4ADE-9601-A215D4E78BC2}.Release|Any CPU.ActiveCfg = Release|Any CPU
		{ADD55D87-411A-4ADE-9601-A215D4E78BC2}.Release|Any CPU.Build.0 = Release|Any CPU
	EndGlobalSection
	GlobalSection(SolutionProperties) = preSolution
		HideSolutionNode = FALSE
	EndGlobalSection
	GlobalSection(ExtensibilityGlobals) = postSolution
		SolutionGuid = {E3969380-416D-4D08-A909-C40629C4CEEF}
	EndGlobalSection
EndGlobal
